Microsoft Visual Studio Solution File, Format Version 12.00
# Visual Studio Version 17
VisualStudioVersion = 17.5.2.0
MinimumVisualStudioVersion = 10.0.40219.1
Project("{FAE04EC0-301F-11D3-BF4B-00C04F79EFBC}") = "ex023", "ex023.csproj", "{34F10F09-938B-E65C-82B5-6EE069DA6E77}"
EndProject
Global
	GlobalSection(SolutionConfigurationPlatforms) = preSolution
		Debug|Any CPU = Debug|Any CPU
		Release|Any CPU = Release|Any CPU
	EndGlobalSection
	GlobalSection(ProjectConfigurationPlatforms) = postSolution
		{34F10F09-938B-E65C-82B5-6EE069DA6E77}.Debug|Any CPU.ActiveCfg = Debug|Any CPU
		{34F10F09-938B-E65C-82B5-6EE069DA6E77}.Debug|Any CPU.Build.0 = Debug|Any CPU
		{34F10F09-938B-E65C-82B5-6EE069DA6E77}.Release|Any CPU.ActiveCfg = Release|Any CPU
		{34F10F09-938B-E65C-82B5-6EE069DA6E77}.Release|Any CPU.Build.0 = Release|Any CPU
	EndGlobalSection
	GlobalSection(SolutionProperties) = preSolution
		HideSolutionNode = FALSE
	EndGlobalSection
	GlobalSection(ExtensibilityGlobals) = postSolution
		SolutionGuid = {0F865AEB-3B28-4A7A-BA4A-BF5CE07C21B3}
	EndGlobalSection
EndGlobal
